
Microsoft Visual Studio Solution File, Format Version 12.00
# Visual Studio Version 17
VisualStudioVersion = 17.13.35931.197
MinimumVisualStudioVersion = 10.0.40219.1
Project("{FAE04EC0-301F-11D3-BF4B-00C04F79EFBC}") = "WebcamImgProc.UI", "WebcamImgProc.UI\WebcamImgProc.UI.csproj", "{C101CA99-9D3F-4F0E-92D6-05F61A54E775}"
EndProject
Project("{FAE04EC0-301F-11D3-BF4B-00C04F79EFBC}") = "WebcamImgProc.ImgProc", "WebcamImgProc.ImgProc\WebcamImgProc.ImgProc.csproj", "{43329B06-050C-4C96-9330-4ADAF03754F3}"
EndProject
Project("{FAE04EC0-301F-11D3-BF4B-00C04F79EFBC}") = "WebcamImgProc.CLI", "WebcamImgProc.CLI\WebcamImgProc.CLI.csproj", "{FC7D49A4-89C9-44D2-8392-E2336260E1EE}"
EndProject
Global
	GlobalSection(SolutionConfigurationPlatforms) = preSolution
		Debug|Any CPU = Debug|Any CPU
		Release|Any CPU = Release|Any CPU
	EndGlobalSection
	GlobalSection(ProjectConfigurationPlatforms) = postSolution
		{C101CA99-9D3F-4F0E-92D6-05F61A54E775}.Debug|Any CPU.ActiveCfg = Debug|Any CPU
		{C101CA99-9D3F-4F0E-92D6-05F61A54E775}.Debug|Any CPU.Build.0 = Debug|Any CPU
		{C101CA99-9D3F-4F0E-92D6-05F61A54E775}.Release|Any CPU.ActiveCfg = Release|Any CPU
		{C101CA99-9D3F-4F0E-92D6-05F61A54E775}.Release|Any CPU.Build.0 = Release|Any CPU
		{43329B06-050C-4C96-9330-4ADAF03754F3}.Debug|Any CPU.ActiveCfg = Debug|Any CPU
		{43329B06-050C-4C96-9330-4ADAF03754F3}.Debug|Any CPU.Build.0 = Debug|Any CPU
		{43329B06-050C-4C96-9330-4ADAF03754F3}.Release|Any CPU.ActiveCfg = Release|Any CPU
		{43329B06-050C-4C96-9330-4ADAF03754F3}.Release|Any CPU.Build.0 = Release|Any CPU
		{FC7D49A4-89C9-44D2-8392-E2336260E1EE}.Debug|Any CPU.ActiveCfg = Debug|Any CPU
		{FC7D49A4-89C9-44D2-8392-E2336260E1EE}.Debug|Any CPU.Build.0 = Debug|Any CPU
		{FC7D49A4-89C9-44D2-8392-E2336260E1EE}.Release|Any CPU.ActiveCfg = Release|Any CPU
		{FC7D49A4-89C9-44D2-8392-E2336260E1EE}.Release|Any CPU.Build.0 = Release|Any CPU
	EndGlobalSection
	GlobalSection(SolutionProperties) = preSolution
		HideSolutionNode = FALSE
	EndGlobalSection
	GlobalSection(ExtensibilityGlobals) = postSolution
		SolutionGuid = {BEE31D27-C962-4FD4-AAF0-6AF5A5B25820}
	EndGlobalSection
EndGlobal
